<?xml version="1.0" encoding="UTF-8"?>
<CONFIG>
  <ProjectOptions>
    <Version Value="12"/>
    <General>
      <SessionStorage Value="InProjectDir"/>
      <Title Value="lightnetTest"/>
      <Scaled Value="True"/>
      <ResourceType Value="res"/>
      <UseXPManifest Value="True"/>
      <XPManifest>
        <DpiAware Value="True"/>
      </XPManifest>
      <Icon Value="0"/>
    </General>
    <BuildModes>
      <Item Name="Release" Default="True"/>
      <Item Name="Debug">
        <CompilerOptions>
          <Version Value="11"/>
          <Target>
            <Filename Value="../../lightnetTest"/>
          </Target>
          <SearchPaths>
            <IncludeFiles Value="../../source"/>
            <Libraries Value="../.."/>
            <OtherUnitFiles Value="../../source"/>
            <UnitOutputDirectory Value="lib/$(TargetCPU)-$(TargetOS)"/>
          </SearchPaths>
          <Parsing>
            <SyntaxOptions>
              <SyntaxMode Value="Delphi"/>
              <IncludeAssertionCode Value="True"/>
            </SyntaxOptions>
          </Parsing>
          <CodeGeneration>
            <SmartLinkUnit Value="True"/>
            <Checks>
              <IOChecks Value="True"/>
              <RangeChecks Value="True"/>
              <OverflowChecks Value="True"/>
              <StackChecks Value="True"/>
            </Checks>
            <VerifyObjMethodCallValidity Value="True"/>
          </CodeGeneration>
          <Linking>
            <Debugging>
              <DebugInfoType Value="dsDwarf2Set"/>
              <UseHeaptrc Value="True"/>
              <TrashVariables Value="True"/>
              <UseExternalDbgSyms Value="True"/>
            </Debugging>
            <LinkSmart Value="True"/>
            <Options>
              <Win32>
                <GraphicApplication Value="True"/>
              </Win32>
            </Options>
          </Linking>
          <Other>
            <CustomOptions Value="-dUSE_MULTITHREADING
-dUSE_TELEMETRY"/>
            <OtherDefines Count="9">
              <Define0 Value="OPENBLAS_USE64BITINT"/>
              <Define1 Value="OPENBLAS"/>
              <Define2 Value="MKL"/>
              <Define3 Value="CLBLAST"/>
              <Define4 Value="CLBLAS"/>
              <Define5 Value="DEBUG"/>
              <Define6 Value="USE_MULTITHREADING"/>
              <Define7 Value="USE_TELEMETRY"/>
              <Define8 Value="USE_OPENCV"/>
            </OtherDefines>
          </Other>
        </CompilerOptions>
      </Item>
    </BuildModes>
    <PublishOptions>
      <Version Value="2"/>
      <UseFileFilters Value="True"/>
    </PublishOptions>
    <RunParams>
      <FormatVersion Value="2"/>
    </RunParams>
    <RequiredPackages>
      <Item>
        <PackageName Value="LCL"/>
      </Item>
    </RequiredPackages>
    <Units>
      <Unit>
        <Filename Value="lightnetTest.lpr"/>
        <IsPartOfProject Value="True"/>
        <UnitName Value="darknetTest"/>
      </Unit>
      <Unit>
        <Filename Value="../../source/ntensors.pas"/>
        <IsPartOfProject Value="True"/>
      </Unit>
    </Units>
  </ProjectOptions>
  <CompilerOptions>
    <Version Value="11"/>
    <Target>
      <Filename Value="../../lightnetTest"/>
    </Target>
    <SearchPaths>
      <IncludeFiles Value="../../source"/>
      <Libraries Value="../.."/>
      <OtherUnitFiles Value="../../source"/>
      <UnitOutputDirectory Value="lib/$(TargetCPU)-$(TargetOS)"/>
    </SearchPaths>
    <Parsing>
      <SyntaxOptions>
        <SyntaxMode Value="Delphi"/>
      </SyntaxOptions>
    </Parsing>
    <CodeGeneration>
      <SmartLinkUnit Value="True"/>
      <Optimizations>
        <OptimizationLevel Value="4"/>
      </Optimizations>
    </CodeGeneration>
    <Linking>
      <Debugging>
        <GenerateDebugInfo Value="False"/>
        <DebugInfoType Value="dsDwarf2Set"/>
        <UseLineInfoUnit Value="False"/>
      </Debugging>
      <LinkSmart Value="True"/>
      <Options>
        <Win32>
          <GraphicApplication Value="True"/>
        </Win32>
      </Options>
    </Linking>
    <Other>
      <CustomOptions Value="-CfAVX2
-dUSE_MULTITHREADING
-dUSE_TELEMETRY
-dUSE_OPENCV"/>
      <OtherDefines Count="9">
        <Define0 Value="OPENBLAS_USE64BITINT"/>
        <Define1 Value="OPENBLAS"/>
        <Define2 Value="MKL"/>
        <Define3 Value="CLBLAST"/>
        <Define4 Value="CLBLAS"/>
        <Define5 Value="DEBUG"/>
        <Define6 Value="USE_MULTITHREADING"/>
        <Define7 Value="USE_TELEMETRY"/>
        <Define8 Value="USE_OPENCV"/>
      </OtherDefines>
    </Other>
  </CompilerOptions>
  <Debugging>
    <Exceptions>
      <Item>
        <Name Value="EAbort"/>
      </Item>
      <Item>
        <Name Value="ECodetoolError"/>
      </Item>
      <Item>
        <Name Value="EFOpenError"/>
      </Item>
    </Exceptions>
  </Debugging>
</CONFIG>
